
Microsoft Visual Studio Solution File, Format Version 12.00
# Visual Studio 2012
Project("{FAE04EC0-301F-11D3-BF4B-00C04F79EFBC}") = "SampleAppHarbourApplication", "SampleAppHarbourApplication\SampleAppHarbourApplication.csproj", "{C7D26BBB-64B7-4E8A-BA94-76B9BED18457}"
EndProject
Project("{FAE04EC0-301F-11D3-BF4B-00C04F79EFBC}") = "SampleAppHarbourApplication.Tests", "SampleAppHarbourApplication.Tests\SampleAppHarbourApplication.Tests.csproj", "{487D364C-2762-45FA-AA1A-8266DB1C54F5}"
EndProject
Project("{2150E333-8FDC-42A3-9474-1A3956D46DE8}") = ".nuget", ".nuget", "{34D8A8C9-AE86-4CEA-A501-E7C30AF97105}"
	ProjectSection(SolutionItems) = preProject
		.nuget\NuGet.Config = .nuget\NuGet.Config
		.nuget\NuGet.exe = .nuget\NuGet.exe
		.nuget\NuGet.targets = .nuget\NuGet.targets
	EndProjectSection
EndProject
Global
	GlobalSection(SolutionConfigurationPlatforms) = preSolution
		Debug|Any CPU = Debug|Any CPU
		Release|Any CPU = Release|Any CPU
	EndGlobalSection
	GlobalSection(ProjectConfigurationPlatforms) = postSolution
		{C7D26BBB-64B7-4E8A-BA94-76B9BED18457}.Debug|Any CPU.ActiveCfg = Debug|Any CPU
		{C7D26BBB-64B7-4E8A-BA94-76B9BED18457}.Debug|Any CPU.Build.0 = Debug|Any CPU
		{C7D26BBB-64B7-4E8A-BA94-76B9BED18457}.Release|Any CPU.ActiveCfg = Release|Any CPU
		{C7D26BBB-64B7-4E8A-BA94-76B9BED18457}.Release|Any CPU.Build.0 = Release|Any CPU
		{487D364C-2762-45FA-AA1A-8266DB1C54F5}.Debug|Any CPU.ActiveCfg = Debug|Any CPU
		{487D364C-2762-45FA-AA1A-8266DB1C54F5}.Debug|Any CPU.Build.0 = Debug|Any CPU
		{487D364C-2762-45FA-AA1A-8266DB1C54F5}.Release|Any CPU.ActiveCfg = Release|Any CPU
		{487D364C-2762-45FA-AA1A-8266DB1C54F5}.Release|Any CPU.Build.0 = Release|Any CPU
	EndGlobalSection
	GlobalSection(SolutionProperties) = preSolution
		HideSolutionNode = FALSE
	EndGlobalSection
EndGlobal
